// !$*UTF8*$!
{
	archiveVersion = 1;
	classes = {
	};
	objectVersion = 56;
	objects = {

/* Begin PBXBuildFile section */
		DE0AFAB22A83E7620058BF41 /* AppDelegate.swift in Sources */ = {isa = PBXBuildFile; fileRef = DE0AFAB12A83E7620058BF41 /* AppDelegate.swift */; };
		DE0AFAB42A83E7620058BF41 /* SceneDelegate.swift in Sources */ = {isa = PBXBuildFile; fileRef = DE0AFAB32A83E7620058BF41 /* SceneDelegate.swift */; };
		DE0AFAB62A83E7620058BF41 /* LottoViewController.swift in Sources */ = {isa = PBXBuildFile; fileRef = DE0AFAB52A83E7620058BF41 /* LottoViewController.swift */; };
		DE0AFAB92A83E7620058BF41 /* Main.storyboard in Resources */ = {isa = PBXBuildFile; fileRef = DE0AFAB72A83E7620058BF41 /* Main.storyboard */; };
		DE0AFABB2A83E7630058BF41 /* Assets.xcassets in Resources */ = {isa = PBXBuildFile; fileRef = DE0AFABA2A83E7630058BF41 /* Assets.xcassets */; };
		DE0AFABE2A83E7630058BF41 /* LaunchScreen.storyboard in Resources */ = {isa = PBXBuildFile; fileRef = DE0AFABC2A83E7630058BF41 /* LaunchScreen.storyboard */; };
		DE0AFAC92A84BE9A0058BF41 /* Kingfisher in Frameworks */ = {isa = PBXBuildFile; productRef = DE0AFAC82A84BE9A0058BF41 /* Kingfisher */; };
		DE0AFACC2A84BEA60058BF41 /* Alamofire in Frameworks */ = {isa = PBXBuildFile; productRef = DE0AFACB2A84BEA60058BF41 /* Alamofire */; };
		DE0AFACF2A84BEB30058BF41 /* SwiftyJSON in Frameworks */ = {isa = PBXBuildFile; productRef = DE0AFACE2A84BEB30058BF41 /* SwiftyJSON */; };
		DE0AFAD12A84CD650058BF41 /* RandomBeerViewController.swift in Sources */ = {isa = PBXBuildFile; fileRef = DE0AFAD02A84CD650058BF41 /* RandomBeerViewController.swift */; };
		DE0AFAD32A84DA9B0058BF41 /* BeerTableViewCell.swift in Sources */ = {isa = PBXBuildFile; fileRef = DE0AFAD22A84DA9B0058BF41 /* BeerTableViewCell.swift */; };
		DE0AFAD52A84DAB50058BF41 /* BeerListViewController.swift in Sources */ = {isa = PBXBuildFile; fileRef = DE0AFAD42A84DAB50058BF41 /* BeerListViewController.swift */; };
		DE0AFAE62A852DAF0058BF41 /* TranslateViewController.swift in Sources */ = {isa = PBXBuildFile; fileRef = DE0AFAE52A852DAF0058BF41 /* TranslateViewController.swift */; };
		DE0AFAE82A8535340058BF41 /* .gitignore in Resources */ = {isa = PBXBuildFile; fileRef = DE0AFAE72A8535340058BF41 /* .gitignore */; };
		DE0AFAEA2A85354B0058BF41 /* APIKey.swift in Sources */ = {isa = PBXBuildFile; fileRef = DE0AFAE92A85354B0058BF41 /* APIKey.swift */; };
/* End PBXBuildFile section */

/* Begin PBXFileReference section */
		DE0AFAAE2A83E7620058BF41 /* APIPractice.app */ = {isa = PBXFileReference; explicitFileType = wrapper.application; includeInIndex = 0; path = APIPractice.app; sourceTree = BUILT_PRODUCTS_DIR; };
		DE0AFAB12A83E7620058BF41 /* AppDelegate.swift */ = {isa = PBXFileReference; lastKnownFileType = sourcecode.swift; path = AppDelegate.swift; sourceTree = "<group>"; };
		DE0AFAB32A83E7620058BF41 /* SceneDelegate.swift */ = {isa = PBXFileReference; lastKnownFileType = sourcecode.swift; path = SceneDelegate.swift; sourceTree = "<group>"; };
		DE0AFAB52A83E7620058BF41 /* LottoViewController.swift */ = {isa = PBXFileReference; lastKnownFileType = sourcecode.swift; path = LottoViewController.swift; sourceTree = "<group>"; };
		DE0AFAB82A83E7620058BF41 /* Base */ = {isa = PBXFileReference; lastKnownFileType = file.storyboard; name = Base; path = Base.lproj/Main.storyboard; sourceTree = "<group>"; };
		DE0AFABA2A83E7630058BF41 /* Assets.xcassets */ = {isa = PBXFileReference; lastKnownFileType = folder.assetcatalog; path = Assets.xcassets; sourceTree = "<group>"; };
		DE0AFABD2A83E7630058BF41 /* Base */ = {isa = PBXFileReference; lastKnownFileType = file.storyboard; name = Base; path = Base.lproj/LaunchScreen.storyboard; sourceTree = "<group>"; };
		DE0AFABF2A83E7630058BF41 /* Info.plist */ = {isa = PBXFileReference; lastKnownFileType = text.plist.xml; path = Info.plist; sourceTree = "<group>"; };
		DE0AFAD02A84CD650058BF41 /* RandomBeerViewController.swift */ = {isa = PBXFileReference; lastKnownFileType = sourcecode.swift; path = RandomBeerViewController.swift; sourceTree = "<group>"; };
		DE0AFAD22A84DA9B0058BF41 /* BeerTableViewCell.swift */ = {isa = PBXFileReference; lastKnownFileType = sourcecode.swift; path = BeerTableViewCell.swift; sourceTree = "<group>"; };
		DE0AFAD42A84DAB50058BF41 /* BeerListViewController.swift */ = {isa = PBXFileReference; lastKnownFileType = sourcecode.swift; path = BeerListViewController.swift; sourceTree = "<group>"; };
		DE0AFAE52A852DAF0058BF41 /* TranslateViewController.swift */ = {isa = PBXFileReference; lastKnownFileType = sourcecode.swift; path = TranslateViewController.swift; sourceTree = "<group>"; };
		DE0AFAE72A8535340058BF41 /* .gitignore */ = {isa = PBXFileReference; lastKnownFileType = text; path = .gitignore; sourceTree = "<group>"; };
		DE0AFAE92A85354B0058BF41 /* APIKey.swift */ = {isa = PBXFileReference; lastKnownFileType = sourcecode.swift; path = APIKey.swift; sourceTree = "<group>"; };
/* End PBXFileReference section */

/* Begin PBXFrameworksBuildPhase section */
		DE0AFAAB2A83E7620058BF41 /* Frameworks */ = {
			isa = PBXFrameworksBuildPhase;
			buildActionMask = 2147483647;
			files = (
				DE0AFACF2A84BEB30058BF41 /* SwiftyJSON in Frameworks */,
				DE0AFAC92A84BE9A0058BF41 /* Kingfisher in Frameworks */,
				DE0AFACC2A84BEA60058BF41 /* Alamofire in Frameworks */,
			);
			runOnlyForDeploymentPostprocessing = 0;
		};
/* End PBXFrameworksBuildPhase section */

/* Begin PBXGroup section */
		DE0AFAA52A83E7620058BF41 = {
			isa = PBXGroup;
			children = (
				DE0AFAB02A83E7620058BF41 /* APIPractice */,
				DE0AFAAF2A83E7620058BF41 /* Products */,
			);
			sourceTree = "<group>";
		};
		DE0AFAAF2A83E7620058BF41 /* Products */ = {
			isa = PBXGroup;
			children = (
				DE0AFAAE2A83E7620058BF41 /* APIPractice.app */,
			);
			name = Products;
			sourceTree = "<group>";
		};
		DE0AFAB02A83E7620058BF41 /* APIPractice */ = {
			isa = PBXGroup;
			children = (
				DE0AFAD02A84CD650058BF41 /* RandomBeerViewController.swift */,
				DE0AFAB12A83E7620058BF41 /* AppDelegate.swift */,
				DE0AFAB32A83E7620058BF41 /* SceneDelegate.swift */,
				DE0AFAB52A83E7620058BF41 /* LottoViewController.swift */,
				DE0AFAB72A83E7620058BF41 /* Main.storyboard */,
				DE0AFAE92A85354B0058BF41 /* APIKey.swift */,
				DE0AFAE52A852DAF0058BF41 /* TranslateViewController.swift */,
				DE0AFAD42A84DAB50058BF41 /* BeerListViewController.swift */,
				DE0AFAD22A84DA9B0058BF41 /* BeerTableViewCell.swift */,
				DE0AFABA2A83E7630058BF41 /* Assets.xcassets */,
				DE0AFABC2A83E7630058BF41 /* LaunchScreen.storyboard */,
				DE0AFABF2A83E7630058BF41 /* Info.plist */,
				DE0AFAE72A8535340058BF41 /* .gitignore */,
			);
			path = APIPractice;
			sourceTree = "<group>";
		};
/* End PBXGroup section */

/* Begin PBXNativeTarget section */
		DE0AFAAD2A83E7620058BF41 /* APIPractice */ = {
			isa = PBXNativeTarget;
			buildConfigurationList = DE0AFAC22A83E7630058BF41 /* Build configuration list for PBXNativeTarget "APIPractice" */;
			buildPhases = (
				DE0AFAAA2A83E7620058BF41 /* Sources */,
				DE0AFAAB2A83E7620058BF41 /* Frameworks */,
				DE0AFAAC2A83E7620058BF41 /* Resources */,
			);
			buildRules = (
			);
			dependencies = (
			);
			name = APIPractice;
			packageProductDependencies = (
				DE0AFAC82A84BE9A0058BF41 /* Kingfisher */,
				DE0AFACB2A84BEA60058BF41 /* Alamofire */,
				DE0AFACE2A84BEB30058BF41 /* SwiftyJSON */,
			);
			productName = APIPractice;
			productReference = DE0AFAAE2A83E7620058BF41 /* APIPractice.app */;
			productType = "com.apple.product-type.application";
		};
/* End PBXNativeTarget section */

/* Begin PBXProject section */
		DE0AFAA62A83E7620058BF41 /* Project object */ = {
			isa = PBXProject;
			attributes = {
				BuildIndependentTargetsInParallel = 1;
				LastSwiftUpdateCheck = 1430;
				LastUpgradeCheck = 1430;
				TargetAttributes = {
					DE0AFAAD2A83E7620058BF41 = {
						CreatedOnToolsVersion = 14.3.1;
					};
				};
			};
			buildConfigurationList = DE0AFAA92A83E7620058BF41 /* Build configuration list for PBXProject "APIPractice" */;
			compatibilityVersion = "Xcode 14.0";
			developmentRegion = en;
			hasScannedForEncodings = 0;
			knownRegions = (
				en,
				Base,
			);
			mainGroup = DE0AFAA52A83E7620058BF41;
			packageReferences = (
				DE0AFAC72A84BE9A0058BF41 /* XCRemoteSwiftPackageReference "Kingfisher" */,
				DE0AFACA2A84BEA60058BF41 /* XCRemoteSwiftPackageReference "Alamofire" */,
				DE0AFACD2A84BEB30058BF41 /* XCRemoteSwiftPackageReference "SwiftyJSON" */,
			);
			productRefGroup = DE0AFAAF2A83E7620058BF41 /* Products */;
			projectDirPath = "";
			projectRoot = "";
			targets = (
				DE0AFAAD2A83E7620058BF41 /* APIPractice */,
			);
		};
/* End PBXProject section */

/* Begin PBXResourcesBuildPhase section */
		DE0AFAAC2A83E7620058BF41 /* Resources */ = {
			isa = PBXResourcesBuildPhase;
			buildActionMask = 2147483647;
			files = (
				DE0AFAE82A8535340058BF41 /* .gitignore in Resources */,
				DE0AFABE2A83E7630058BF41 /* LaunchScreen.storyboard in Resources */,
				DE0AFABB2A83E7630058BF41 /* Assets.xcassets in Resources */,
				DE0AFAB92A83E7620058BF41 /* Main.storyboard in Resources */,
			);
			runOnlyForDeploymentPostprocessing = 0;
		};
/* End PBXResourcesBuildPhase section */

/* Begin PBXSourcesBuildPhase section */
		DE0AFAAA2A83E7620058BF41 /* Sources */ = {
			isa = PBXSourcesBuildPhase;
			buildActionMask = 2147483647;
			files = (
				DE0AFAD52A84DAB50058BF41 /* BeerListViewController.swift in Sources */,
				DE0AFAB62A83E7620058BF41 /* LottoViewController.swift in Sources */,
				DE0AFAEA2A85354B0058BF41 /* APIKey.swift in Sources */,
				DE0AFAB22A83E7620058BF41 /* AppDelegate.swift in Sources */,
				DE0AFAB42A83E7620058BF41 /* SceneDelegate.swift in Sources */,
				DE0AFAD12A84CD650058BF41 /* RandomBeerViewController.swift in Sources */,
				DE0AFAD32A84DA9B0058BF41 /* BeerTableViewCell.swift in Sources */,
				DE0AFAE62A852DAF0058BF41 /* TranslateViewController.swift in Sources */,
			);
			runOnlyForDeploymentPostprocessing = 0;
		};
/* End PBXSourcesBuildPhase section */

/* Begin PBXVariantGroup section */
		DE0AFAB72A83E7620058BF41 /* Main.storyboard */ = {
			isa = PBXVariantGroup;
			children = (
				DE0AFAB82A83E7620058BF41 /* Base */,
			);
			name = Main.storyboard;
			sourceTree = "<group>";
		};
		DE0AFABC2A83E7630058BF41 /* LaunchScreen.storyboard */ = {
			isa = PBXVariantGroup;
			children = (
				DE0AFABD2A83E7630058BF41 /* Base */,
			);
			name = LaunchScreen.storyboard;
			sourceTree = "<group>";
		};
/* End PBXVariantGroup section */

/* Begin XCBuildConfiguration section */
		DE0AFAC02A83E7630058BF41 /* Debug */ = {
			isa = XCBuildConfiguration;
			buildSettings = {
				ALWAYS_SEARCH_USER_PATHS = NO;
				CLANG_ANALYZER_NONNULL = YES;
				CLANG_ANALYZER_NUMBER_OBJECT_CONVERSION = YES_AGGRESSIVE;
				CLANG_CXX_LANGUAGE_STANDARD = "gnu++20";
				CLANG_ENABLE_MODULES = YES;
				CLANG_ENABLE_OBJC_ARC = YES;
				CLANG_ENABLE_OBJC_WEAK = YES;
				CLANG_WARN_BLOCK_CAPTURE_AUTORELEASING = YES;
				CLANG_WARN_BOOL_CONVERSION = YES;
				CLANG_WARN_COMMA = YES;
				CLANG_WARN_CONSTANT_CONVERSION = YES;
				CLANG_WARN_DEPRECATED_OBJC_IMPLEMENTATIONS = YES;
				CLANG_WARN_DIRECT_OBJC_ISA_USAGE = YES_ERROR;
				CLANG_WARN_DOCUMENTATION_COMMENTS = YES;
				CLANG_WARN_EMPTY_BODY = YES;
				CLANG_WARN_ENUM_CONVERSION = YES;
				CLANG_WARN_INFINITE_RECURSION = YES;
				CLANG_WARN_INT_CONVERSION = YES;
				CLANG_WARN_NON_LITERAL_NULL_CONVERSION = YES;
				CLANG_WARN_OBJC_IMPLICIT_RETAIN_SELF = YES;
				CLANG_WARN_OBJC_LITERAL_CONVERSION = YES;
				CLANG_WARN_OBJC_ROOT_CLASS = YES_ERROR;
				CLANG_WARN_QUOTED_INCLUDE_IN_FRAMEWORK_HEADER = YES;
				CLANG_WARN_RANGE_LOOP_ANALYSIS = YES;
				CLANG_WARN_STRICT_PROTOTYPES = YES;
				CLANG_WARN_SUSPICIOUS_MOVE = YES;
				CLANG_WARN_UNGUARDED_AVAILABILITY = YES_AGGRESSIVE;
				CLANG_WARN_UNREACHABLE_CODE = YES;
				CLANG_WARN__DUPLICATE_METHOD_MATCH = YES;
				COPY_PHASE_STRIP = NO;
				DEBUG_INFORMATION_FORMAT = dwarf;
				ENABLE_STRICT_OBJC_MSGSEND = YES;
				ENABLE_TESTABILITY = YES;
				GCC_C_LANGUAGE_STANDARD = gnu11;
				GCC_DYNAMIC_NO_PIC = NO;
				GCC_NO_COMMON_BLOCKS = YES;
				GCC_OPTIMIZATION_LEVEL = 0;
				GCC_PREPROCESSOR_DEFINITIONS = (
					"DEBUG=1",
					"$(inherited)",
				);
				GCC_WARN_64_TO_32_BIT_CONVERSION = YES;
				GCC_WARN_ABOUT_RETURN_TYPE = YES_ERROR;
				GCC_WARN_UNDECLARED_SELECTOR = YES;
				GCC_WARN_UNINITIALIZED_AUTOS = YES_AGGRESSIVE;
				GCC_WARN_UNUSED_FUNCTION = YES;
				GCC_WARN_UNUSED_VARIABLE = YES;
				IPHONEOS_DEPLOYMENT_TARGET = 16.4;
				MTL_ENABLE_DEBUG_INFO = INCLUDE_SOURCE;
				MTL_FAST_MATH = YES;
				ONLY_ACTIVE_ARCH = YES;
				SDKROOT = iphoneos;
				SWIFT_ACTIVE_COMPILATION_CONDITIONS = DEBUG;
				SWIFT_OPTIMIZATION_LEVEL = "-Onone";
			};
			name = Debug;
		};
		DE0AFAC12A83E7630058BF41 /* Release */ = {
			isa = XCBuildConfiguration;
			buildSettings = {
				ALWAYS_SEARCH_USER_PATHS = NO;
				CLANG_ANALYZER_NONNULL = YES;
				CLANG_ANALYZER_NUMBER_OBJECT_CONVERSION = YES_AGGRESSIVE;
				CLANG_CXX_LANGUAGE_STANDARD = "gnu++20";
				CLANG_ENABLE_MODULES = YES;
				CLANG_ENABLE_OBJC_ARC = YES;
				CLANG_ENABLE_OBJC_WEAK = YES;
				CLANG_WARN_BLOCK_CAPTURE_AUTORELEASING = YES;
				CLANG_WARN_BOOL_CONVERSION = YES;
				CLANG_WARN_COMMA = YES;
				CLANG_WARN_CONSTANT_CONVERSION = YES;
				CLANG_WARN_DEPRECATED_OBJC_IMPLEMENTATIONS = YES;
				CLANG_WARN_DIRECT_OBJC_ISA_USAGE = YES_ERROR;
				CLANG_WARN_DOCUMENTATION_COMMENTS = YES;
				CLANG_WARN_EMPTY_BODY = YES;
				CLANG_WARN_ENUM_CONVERSION = YES;
				CLANG_WARN_INFINITE_RECURSION = YES;
				CLANG_WARN_INT_CONVERSION = YES;
				CLANG_WARN_NON_LITERAL_NULL_CONVERSION = YES;
				CLANG_WARN_OBJC_IMPLICIT_RETAIN_SELF = YES;
				CLANG_WARN_OBJC_LITERAL_CONVERSION = YES;
				CLANG_WARN_OBJC_ROOT_CLASS = YES_ERROR;
				CLANG_WARN_QUOTED_INCLUDE_IN_FRAMEWORK_HEADER = YES;
				CLANG_WARN_RANGE_LOOP_ANALYSIS = YES;
				CLANG_WARN_STRICT_PROTOTYPES = YES;
				CLANG_WARN_SUSPICIOUS_MOVE = YES;
				CLANG_WARN_UNGUARDED_AVAILABILITY = YES_AGGRESSIVE;
				CLANG_WARN_UNREACHABLE_CODE = YES;
				CLANG_WARN__DUPLICATE_METHOD_MATCH = YES;
				COPY_PHASE_STRIP = NO;
				DEBUG_INFORMATION_FORMAT = "dwarf-with-dsym";
				ENABLE_NS_ASSERTIONS = NO;
				ENABLE_STRICT_OBJC_MSGSEND = YES;
				GCC_C_LANGUAGE_STANDARD = gnu11;
				GCC_NO_COMMON_BLOCKS = YES;
				GCC_WARN_64_TO_32_BIT_CONVERSION = YES;
				GCC_WARN_ABOUT_RETURN_TYPE = YES_ERROR;
				GCC_WARN_UNDECLARED_SELECTOR = YES;
				GCC_WARN_UNINITIALIZED_AUTOS = YES_AGGRESSIVE;
				GCC_WARN_UNUSED_FUNCTION = YES;
				GCC_WARN_UNUSED_VARIABLE = YES;
				IPHONEOS_DEPLOYMENT_TARGET = 16.4;
				MTL_ENABLE_DEBUG_INFO = NO;
				MTL_FAST_MATH = YES;
				SDKROOT = iphoneos;
				SWIFT_COMPILATION_MODE = wholemodule;
				SWIFT_OPTIMIZATION_LEVEL = "-O";
				VALIDATE_PRODUCT = YES;
			};
			name = Release;
		};
		DE0AFAC32A83E7630058BF41 /* Debug */ = {
			isa = XCBuildConfiguration;
			buildSettings = {
				ASSETCATALOG_COMPILER_APPICON_NAME = AppIcon;
				ASSETCATALOG_COMPILER_GLOBAL_ACCENT_COLOR_NAME = AccentColor;
				CODE_SIGN_STYLE = Automatic;
				CURRENT_PROJECT_VERSION = 1;
				GENERATE_INFOPLIST_FILE = YES;
				INFOPLIST_FILE = APIPractice/Info.plist;
				INFOPLIST_KEY_UIApplicationSupportsIndirectInputEvents = YES;
				INFOPLIST_KEY_UILaunchStoryboardName = LaunchScreen;
				INFOPLIST_KEY_UIMainStoryboardFile = Main;
				INFOPLIST_KEY_UISupportedInterfaceOrientations_iPad = "UIInterfaceOrientationPortrait UIInterfaceOrientationPortraitUpsideDown UIInterfaceOrientationLandscapeLeft UIInterfaceOrientationLandscapeRight";
				INFOPLIST_KEY_UISupportedInterfaceOrientations_iPhone = "UIInterfaceOrientationPortrait UIInterfaceOrientationLandscapeLeft UIInterfaceOrientationLandscapeRight";
				LD_RUNPATH_SEARCH_PATHS = (
					"$(inherited)",
					"@executable_path/Frameworks",
				);
				MARKETING_VERSION = 1.0;
				PRODUCT_BUNDLE_IDENTIFIER = com.sesac.APIPractice;
				PRODUCT_NAME = "$(TARGET_NAME)";
				SUPPORTED_PLATFORMS = "iphoneos iphonesimulator";
				SUPPORTS_MACCATALYST = NO;
				SUPPORTS_MAC_DESIGNED_FOR_IPHONE_IPAD = NO;
				SWIFT_EMIT_LOC_STRINGS = YES;
				SWIFT_VERSION = 5.0;
				TARGETED_DEVICE_FAMILY = 1;
			};
			name = Debug;
		};
		DE0AFAC42A83E7630058BF41 /* Release */ = {
			isa = XCBuildConfiguration;
			buildSettings = {
				ASSETCATALOG_COMPILER_APPICON_NAME = AppIcon;
				ASSETCATALOG_COMPILER_GLOBAL_ACCENT_COLOR_NAME = AccentColor;
				CODE_SIGN_STYLE = Automatic;
				CURRENT_PROJECT_VERSION = 1;
				GENERATE_INFOPLIST_FILE = YES;
				INFOPLIST_FILE = APIPractice/Info.plist;
				INFOPLIST_KEY_UIApplicationSupportsIndirectInputEvents = YES;
				INFOPLIST_KEY_UILaunchStoryboardName = LaunchScreen;
				INFOPLIST_KEY_UIMainStoryboardFile = Main;
				INFOPLIST_KEY_UISupportedInterfaceOrientations_iPad = "UIInterfaceOrientationPortrait UIInterfaceOrientationPortraitUpsideDown UIInterfaceOrientationLandscapeLeft UIInterfaceOrientationLandscapeRight";
				INFOPLIST_KEY_UISupportedInterfaceOrientations_iPhone = "UIInterfaceOrientationPortrait UIInterfaceOrientationLandscapeLeft UIInterfaceOrientationLandscapeRight";
				LD_RUNPATH_SEARCH_PATHS = (
					"$(inherited)",
					"@executable_path/Frameworks",
				);
				MARKETING_VERSION = 1.0;
				PRODUCT_BUNDLE_IDENTIFIER = com.sesac.APIPractice;
				PRODUCT_NAME = "$(TARGET_NAME)";
				SUPPORTED_PLATFORMS = "iphoneos iphonesimulator";
				SUPPORTS_MACCATALYST = NO;
				SUPPORTS_MAC_DESIGNED_FOR_IPHONE_IPAD = NO;
				SWIFT_EMIT_LOC_STRINGS = YES;
				SWIFT_VERSION = 5.0;
				TARGETED_DEVICE_FAMILY = 1;
			};
			name = Release;
		};
/* End XCBuildConfiguration section */

/* Begin XCConfigurationList section */
		DE0AFAA92A83E7620058BF41 /* Build configuration list for PBXProject "APIPractice" */ = {
			isa = XCConfigurationList;
			buildConfigurations = (
				DE0AFAC02A83E7630058BF41 /* Debug */,
				DE0AFAC12A83E7630058BF41 /* Release */,
			);
			defaultConfigurationIsVisible = 0;
			defaultConfigurationName = Release;
		};
		DE0AFAC22A83E7630058BF41 /* Build configuration list for PBXNativeTarget "APIPractice" */ = {
			isa = XCConfigurationList;
			buildConfigurations = (
				DE0AFAC32A83E7630058BF41 /* Debug */,
				DE0AFAC42A83E7630058BF41 /* Release */,
			);
			defaultConfigurationIsVisible = 0;
			defaultConfigurationName = Release;
		};
/* End XCConfigurationList section */

/* Begin XCRemoteSwiftPackageReference section */
		DE0AFAC72A84BE9A0058BF41 /* XCRemoteSwiftPackageReference "Kingfisher" */ = {
			isa = XCRemoteSwiftPackageReference;
			repositoryURL = "https://github.com/onevcat/Kingfisher.git";
			requirement = {
				kind = upToNextMajorVersion;
				minimumVersion = 7.0.0;
			};
		};
		DE0AFACA2A84BEA60058BF41 /* XCRemoteSwiftPackageReference "Alamofire" */ = {
			isa = XCRemoteSwiftPackageReference;
			repositoryURL = "https://github.com/Alamofire/Alamofire.git";
			requirement = {
				kind = upToNextMajorVersion;
				minimumVersion = 5.0.0;
			};
		};
		DE0AFACD2A84BEB30058BF41 /* XCRemoteSwiftPackageReference "SwiftyJSON" */ = {
			isa = XCRemoteSwiftPackageReference;
			repositoryURL = "https://github.com/SwiftyJSON/SwiftyJSON.git";
			requirement = {
				kind = upToNextMajorVersion;
				minimumVersion = 5.0.0;
			};
		};
/* End XCRemoteSwiftPackageReference section */

/* Begin XCSwiftPackageProductDependency section */
		DE0AFAC82A84BE9A0058BF41 /* Kingfisher */ = {
			isa = XCSwiftPackageProductDependency;
			package = DE0AFAC72A84BE9A0058BF41 /* XCRemoteSwiftPackageReference "Kingfisher" */;
			productName = Kingfisher;
		};
		DE0AFACB2A84BEA60058BF41 /* Alamofire */ = {
			isa = XCSwiftPackageProductDependency;
			package = DE0AFACA2A84BEA60058BF41 /* XCRemoteSwiftPackageReference "Alamofire" */;
			productName = Alamofire;
		};
		DE0AFACE2A84BEB30058BF41 /* SwiftyJSON */ = {
			isa = XCSwiftPackageProductDependency;
			package = DE0AFACD2A84BEB30058BF41 /* XCRemoteSwiftPackageReference "SwiftyJSON" */;
			productName = SwiftyJSON;
		};
/* End XCSwiftPackageProductDependency section */
	};
	rootObject = DE0AFAA62A83E7620058BF41 /* Project object */;
}
